
Microsoft Visual Studio Solution File, Format Version 12.00
# Visual Studio Version 16
VisualStudioVersion = 16.0.30503.244
MinimumVisualStudioVersion = 10.0.40219.1
Project("{FAE04EC0-301F-11D3-BF4B-00C04F79EFBC}") = "1-AprendendoCsharpVariaveis", "1-AprendendoCsharpVariaveis.csproj", "{8F4F79A0-E426-479E-98B6-F1260AB7B46D}"
EndProject
Project("{FAE04EC0-301F-11D3-BF4B-00C04F79EFBC}") = "2-CriandoPontosFlutuantes", "..\2-CriandoPontosFlutuantes\2-CriandoPontosFlutuantes.csproj", "{2933D9DF-306A-471F-B267-68AAD4C1E778}"
EndProject
Project("{FAE04EC0-301F-11D3-BF4B-00C04F79EFBC}") = "testaPontoFlutuante", "..\testaPontoFlutuante\testaPontoFlutuante.csproj", "{F01075AB-6AEE-4DB9-B55F-0075DF9B8126}"
EndProject
Project("{FAE04EC0-301F-11D3-BF4B-00C04F79EFBC}") = "CaracteresETextos", "..\CaracteresETextos\CaracteresETextos.csproj", "{E79F5969-B910-4918-9633-54A414258D1B}"
EndProject
Project("{FAE04EC0-301F-11D3-BF4B-00C04F79EFBC}") = "condicionais", "..\condicionais\condicionais.csproj", "{D49B0616-CCFA-49B9-8B04-4BBB72A29A0A}"
EndProject
Project("{FAE04EC0-301F-11D3-BF4B-00C04F79EFBC}") = "Condicionais 2", "..\Condicionais 2\Condicionais 2.csproj", "{3C02CA43-96FB-40BE-8101-D1D5D969C456}"
EndProject
Project("{FAE04EC0-301F-11D3-BF4B-00C04F79EFBC}") = "aliquotaIFs", "..\aliquotaIFs\aliquotaIFs.csproj", "{ADB138DD-F22F-4718-87F4-3E51FA682B8C}"
EndProject
Project("{FAE04EC0-301F-11D3-BF4B-00C04F79EFBC}") = "while", "..\while\while.csproj", "{9BEC8C34-9E3A-4F38-940B-B796B4F4606D}"
EndProject
Global
	GlobalSection(SolutionConfigurationPlatforms) = preSolution
		Debug|Any CPU = Debug|Any CPU
		Release|Any CPU = Release|Any CPU
	EndGlobalSection
	GlobalSection(ProjectConfigurationPlatforms) = postSolution
		{8F4F79A0-E426-479E-98B6-F1260AB7B46D}.Debug|Any CPU.ActiveCfg = Debug|Any CPU
		{8F4F79A0-E426-479E-98B6-F1260AB7B46D}.Debug|Any CPU.Build.0 = Debug|Any CPU
		{8F4F79A0-E426-479E-98B6-F1260AB7B46D}.Release|Any CPU.ActiveCfg = Release|Any CPU
		{8F4F79A0-E426-479E-98B6-F1260AB7B46D}.Release|Any CPU.Build.0 = Release|Any CPU
		{2933D9DF-306A-471F-B267-68AAD4C1E778}.Debug|Any CPU.ActiveCfg = Debug|Any CPU
		{2933D9DF-306A-471F-B267-68AAD4C1E778}.Debug|Any CPU.Build.0 = Debug|Any CPU
		{2933D9DF-306A-471F-B267-68AAD4C1E778}.Release|Any CPU.ActiveCfg = Release|Any CPU
		{2933D9DF-306A-471F-B267-68AAD4C1E778}.Release|Any CPU.Build.0 = Release|Any CPU
		{F01075AB-6AEE-4DB9-B55F-0075DF9B8126}.Debug|Any CPU.ActiveCfg = Debug|Any CPU
		{F01075AB-6AEE-4DB9-B55F-0075DF9B8126}.Debug|Any CPU.Build.0 = Debug|Any CPU
		{F01075AB-6AEE-4DB9-B55F-0075DF9B8126}.Release|Any CPU.ActiveCfg = Release|Any CPU
		{F01075AB-6AEE-4DB9-B55F-0075DF9B8126}.Release|Any CPU.Build.0 = Release|Any CPU
		{E79F5969-B910-4918-9633-54A414258D1B}.Debug|Any CPU.ActiveCfg = Debug|Any CPU
		{E79F5969-B910-4918-9633-54A414258D1B}.Debug|Any CPU.Build.0 = Debug|Any CPU
		{E79F5969-B910-4918-9633-54A414258D1B}.Release|Any CPU.ActiveCfg = Release|Any CPU
		{E79F5969-B910-4918-9633-54A414258D1B}.Release|Any CPU.Build.0 = Release|Any CPU
		{D49B0616-CCFA-49B9-8B04-4BBB72A29A0A}.Debug|Any CPU.ActiveCfg = Debug|Any CPU
		{D49B0616-CCFA-49B9-8B04-4BBB72A29A0A}.Debug|Any CPU.Build.0 = Debug|Any CPU
		{D49B0616-CCFA-49B9-8B04-4BBB72A29A0A}.Release|Any CPU.ActiveCfg = Release|Any CPU
		{D49B0616-CCFA-49B9-8B04-4BBB72A29A0A}.Release|Any CPU.Build.0 = Release|Any CPU
		{3C02CA43-96FB-40BE-8101-D1D5D969C456}.Debug|Any CPU.ActiveCfg = Debug|Any CPU
		{3C02CA43-96FB-40BE-8101-D1D5D969C456}.Debug|Any CPU.Build.0 = Debug|Any CPU
		{3C02CA43-96FB-40BE-8101-D1D5D969C456}.Release|Any CPU.ActiveCfg = Release|Any CPU
		{3C02CA43-96FB-40BE-8101-D1D5D969C456}.Release|Any CPU.Build.0 = Release|Any CPU
		{ADB138DD-F22F-4718-87F4-3E51FA682B8C}.Debug|Any CPU.ActiveCfg = Debug|Any CPU
		{ADB138DD-F22F-4718-87F4-3E51FA682B8C}.Debug|Any CPU.Build.0 = Debug|Any CPU
		{ADB138DD-F22F-4718-87F4-3E51FA682B8C}.Release|Any CPU.ActiveCfg = Release|Any CPU
		{ADB138DD-F22F-4718-87F4-3E51FA682B8C}.Release|Any CPU.Build.0 = Release|Any CPU
		{9BEC8C34-9E3A-4F38-940B-B796B4F4606D}.Debug|Any CPU.ActiveCfg = Debug|Any CPU
		{9BEC8C34-9E3A-4F38-940B-B796B4F4606D}.Debug|Any CPU.Build.0 = Debug|Any CPU
		{9BEC8C34-9E3A-4F38-940B-B796B4F4606D}.Release|Any CPU.ActiveCfg = Release|Any CPU
		{9BEC8C34-9E3A-4F38-940B-B796B4F4606D}.Release|Any CPU.Build.0 = Release|Any CPU
	EndGlobalSection
	GlobalSection(SolutionProperties) = preSolution
		HideSolutionNode = FALSE
	EndGlobalSection
	GlobalSection(ExtensibilityGlobals) = postSolution
		SolutionGuid = {2BA0C9EA-C76C-47F3-A720-4388873D3142}
	EndGlobalSection
EndGlobal
